
Microsoft Visual Studio Solution File, Format Version 12.00
# Visual Studio Version 16
VisualStudioVersion = 16.0.30907.101
MinimumVisualStudioVersion = 10.0.40219.1
Project("{FAE04EC0-301F-11D3-BF4B-00C04F79EFBC}") = "SampleMath", "SampleMath\SampleMath.csproj", "{499AE394-0953-4C8D-B650-E06B5D678019}"
EndProject
Project("{FAE04EC0-301F-11D3-BF4B-00C04F79EFBC}") = "SampleMath.Test", "SampleMath.Test\SampleMath.Test.csproj", "{6B76D0E1-A084-4091-9781-A053E3B0B48E}"
EndProject
Global
	GlobalSection(SolutionConfigurationPlatforms) = preSolution
		Debug|Any CPU = Debug|Any CPU
		Release|Any CPU = Release|Any CPU
	EndGlobalSection
	GlobalSection(ProjectConfigurationPlatforms) = postSolution
		{499AE394-0953-4C8D-B650-E06B5D678019}.Debug|Any CPU.ActiveCfg = Debug|Any CPU
		{499AE394-0953-4C8D-B650-E06B5D678019}.Debug|Any CPU.Build.0 = Debug|Any CPU
		{499AE394-0953-4C8D-B650-E06B5D678019}.Release|Any CPU.ActiveCfg = Release|Any CPU
		{499AE394-0953-4C8D-B650-E06B5D678019}.Release|Any CPU.Build.0 = Release|Any CPU
		{6B76D0E1-A084-4091-9781-A053E3B0B48E}.Debug|Any CPU.ActiveCfg = Debug|Any CPU
		{6B76D0E1-A084-4091-9781-A053E3B0B48E}.Debug|Any CPU.Build.0 = Debug|Any CPU
		{6B76D0E1-A084-4091-9781-A053E3B0B48E}.Release|Any CPU.ActiveCfg = Release|Any CPU
		{6B76D0E1-A084-4091-9781-A053E3B0B48E}.Release|Any CPU.Build.0 = Release|Any CPU
	EndGlobalSection
	GlobalSection(SolutionProperties) = preSolution
		HideSolutionNode = FALSE
	EndGlobalSection
	GlobalSection(ExtensibilityGlobals) = postSolution
		SolutionGuid = {8C880DAE-2B56-4754-BC42-7FFAADF8787B}
	EndGlobalSection
EndGlobal
